
Microsoft Visual Studio Solution File, Format Version 12.00
# Visual Studio Version 16
VisualStudioVersion = 16.0.32106.194
MinimumVisualStudioVersion = 10.0.40219.1
Project("{FAE04EC0-301F-11D3-BF4B-00C04F79EFBC}") = "WeatherApp", "WeatheApp\WeatherApp.csproj", "{0607A935-2D3F-4D08-879B-6010E5F4F3AA}"
EndProject
Global
	GlobalSection(SolutionConfigurationPlatforms) = preSolution
		Debug|Any CPU = Debug|Any CPU
		Release|Any CPU = Release|Any CPU
	EndGlobalSection
	GlobalSection(ProjectConfigurationPlatforms) = postSolution
		{0607A935-2D3F-4D08-879B-6010E5F4F3AA}.Debug|Any CPU.ActiveCfg = Debug|Any CPU
		{0607A935-2D3F-4D08-879B-6010E5F4F3AA}.Debug|Any CPU.Build.0 = Debug|Any CPU
		{0607A935-2D3F-4D08-879B-6010E5F4F3AA}.Release|Any CPU.ActiveCfg = Release|Any CPU
		{0607A935-2D3F-4D08-879B-6010E5F4F3AA}.Release|Any CPU.Build.0 = Release|Any CPU
	EndGlobalSection
	GlobalSection(SolutionProperties) = preSolution
		HideSolutionNode = FALSE
	EndGlobalSection
	GlobalSection(ExtensibilityGlobals) = postSolution
		SolutionGuid = {B39E7117-AB15-423D-BA07-E8200841F9CD}
	EndGlobalSection
EndGlobal
